
Microsoft Visual Studio Solution File, Format Version 12.00
# Visual Studio Version 18
VisualStudioVersion = 18.3.11520.95 d18.3
MinimumVisualStudioVersion = 10.0.40219.1
Project("{888888A0-9F3D-457C-B088-3A5042F75D52}") = "distancecalc", "distancecalc.pyproj", "{C8D2CC4C-4340-4896-B01F-00EDB3DD6614}"
EndProject
Global
	GlobalSection(SolutionConfigurationPlatforms) = preSolution
		Debug|Any CPU = Debug|Any CPU
		Release|Any CPU = Release|Any CPU
	EndGlobalSection
	GlobalSection(ProjectConfigurationPlatforms) = postSolution
		{C8D2CC4C-4340-4896-B01F-00EDB3DD6614}.Debug|Any CPU.ActiveCfg = Debug|Any CPU
		{C8D2CC4C-4340-4896-B01F-00EDB3DD6614}.Release|Any CPU.ActiveCfg = Release|Any CPU
	EndGlobalSection
	GlobalSection(SolutionProperties) = preSolution
		HideSolutionNode = FALSE
	EndGlobalSection
	GlobalSection(ExtensibilityGlobals) = postSolution
		SolutionGuid = {7A56F2B5-5D97-46C3-84A7-A11C6B199EC5}
	EndGlobalSection
EndGlobal
